
Microsoft Visual Studio Solution File, Format Version 12.00
# Visual Studio 2013
VisualStudioVersion = 12.0.31101.0
MinimumVisualStudioVersion = 10.0.40219.1
Project("{FAE04EC0-301F-11D3-BF4B-00C04F79EFBC}") = "SecretGardenServer", "SecretGardenServer\SecretGardenServer.csproj", "{AEF34E10-AB98-4AE2-B845-44D4FBA42DBB}"
EndProject
Project("{FAE04EC0-301F-11D3-BF4B-00C04F79EFBC}") = "SecretGardenClient", "SecretGardenClient\SecretGardenClient.csproj", "{A24CADEF-3863-48D4-8062-2A43E2D5C892}"
	ProjectSection(ProjectDependencies) = postProject
		{AEF34E10-AB98-4AE2-B845-44D4FBA42DBB} = {AEF34E10-AB98-4AE2-B845-44D4FBA42DBB}
	EndProjectSection
EndProject
Global
	GlobalSection(SolutionConfigurationPlatforms) = preSolution
		Debug|Any CPU = Debug|Any CPU
		Release|Any CPU = Release|Any CPU
	EndGlobalSection
	GlobalSection(ProjectConfigurationPlatforms) = postSolution
		{AEF34E10-AB98-4AE2-B845-44D4FBA42DBB}.Debug|Any CPU.ActiveCfg = Debug|Any CPU
		{AEF34E10-AB98-4AE2-B845-44D4FBA42DBB}.Debug|Any CPU.Build.0 = Debug|Any CPU
		{AEF34E10-AB98-4AE2-B845-44D4FBA42DBB}.Release|Any CPU.ActiveCfg = Release|Any CPU
		{AEF34E10-AB98-4AE2-B845-44D4FBA42DBB}.Release|Any CPU.Build.0 = Release|Any CPU
		{A24CADEF-3863-48D4-8062-2A43E2D5C892}.Debug|Any CPU.ActiveCfg = Debug|Any CPU
		{A24CADEF-3863-48D4-8062-2A43E2D5C892}.Debug|Any CPU.Build.0 = Debug|Any CPU
		{A24CADEF-3863-48D4-8062-2A43E2D5C892}.Release|Any CPU.ActiveCfg = Release|Any CPU
		{A24CADEF-3863-48D4-8062-2A43E2D5C892}.Release|Any CPU.Build.0 = Release|Any CPU
	EndGlobalSection
	GlobalSection(SolutionProperties) = preSolution
		HideSolutionNode = FALSE
	EndGlobalSection
EndGlobal
